
Microsoft Visual Studio Solution File, Format Version 12.00
# Visual Studio Version 17
VisualStudioVersion = 17.6.33815.320
MinimumVisualStudioVersion = 10.0.40219.1
Project("{FAE04EC0-301F-11D3-BF4B-00C04F79EFBC}") = "Server", "Server\Server.csproj", "{A1099347-735F-4EE7-8536-0DDF42645B1D}"
EndProject
Project("{FAE04EC0-301F-11D3-BF4B-00C04F79EFBC}") = "Application", "Application\Application.csproj", "{7ADCEC2A-8C3E-4DE8-A186-D212B36745A0}"
EndProject
Global
	GlobalSection(SolutionConfigurationPlatforms) = preSolution
		Debug|Any CPU = Debug|Any CPU
		Release|Any CPU = Release|Any CPU
	EndGlobalSection
	GlobalSection(ProjectConfigurationPlatforms) = postSolution
		{A1099347-735F-4EE7-8536-0DDF42645B1D}.Debug|Any CPU.ActiveCfg = Debug|Any CPU
		{A1099347-735F-4EE7-8536-0DDF42645B1D}.Debug|Any CPU.Build.0 = Debug|Any CPU
		{A1099347-735F-4EE7-8536-0DDF42645B1D}.Release|Any CPU.ActiveCfg = Release|Any CPU
		{A1099347-735F-4EE7-8536-0DDF42645B1D}.Release|Any CPU.Build.0 = Release|Any CPU
		{7ADCEC2A-8C3E-4DE8-A186-D212B36745A0}.Debug|Any CPU.ActiveCfg = Debug|Any CPU
		{7ADCEC2A-8C3E-4DE8-A186-D212B36745A0}.Debug|Any CPU.Build.0 = Debug|Any CPU
		{7ADCEC2A-8C3E-4DE8-A186-D212B36745A0}.Release|Any CPU.ActiveCfg = Release|Any CPU
		{7ADCEC2A-8C3E-4DE8-A186-D212B36745A0}.Release|Any CPU.Build.0 = Release|Any CPU
	EndGlobalSection
	GlobalSection(SolutionProperties) = preSolution
		HideSolutionNode = FALSE
	EndGlobalSection
	GlobalSection(ExtensibilityGlobals) = postSolution
		SolutionGuid = {CC625120-D3DC-4871-8952-7A1CC7CE7D49}
	EndGlobalSection
EndGlobal
